
Microsoft Visual Studio Solution File, Format Version 12.00
# Visual Studio Version 17
VisualStudioVersion = 17.0.31903.59
MinimumVisualStudioVersion = 10.0.40219.1
Project("{FAE04EC0-301F-11D3-BF4B-00C04F79EFBC}") = "Domain", "Domain\Domain.csproj", "{9D0C3660-E5AA-49B4-B675-87227500DEF4}"
EndProject
Project("{FAE04EC0-301F-11D3-BF4B-00C04F79EFBC}") = "Application", "Application\Application.csproj", "{21631A26-09CC-42C9-AB4B-D49FA8DE1A7F}"
EndProject
Project("{FAE04EC0-301F-11D3-BF4B-00C04F79EFBC}") = "Persistence", "Persistence\Persistence.csproj", "{8F0AEEFC-9B62-41D6-8683-CACC322E0795}"
EndProject
Project("{FAE04EC0-301F-11D3-BF4B-00C04F79EFBC}") = "API", "API\API.csproj", "{7D6E0987-281C-4C65-88F8-C271795A7047}"
EndProject
Global
	GlobalSection(SolutionConfigurationPlatforms) = preSolution
		Debug|Any CPU = Debug|Any CPU
		Debug|x64 = Debug|x64
		Debug|x86 = Debug|x86
		Release|Any CPU = Release|Any CPU
		Release|x64 = Release|x64
		Release|x86 = Release|x86
	EndGlobalSection
	GlobalSection(ProjectConfigurationPlatforms) = postSolution
		{9D0C3660-E5AA-49B4-B675-87227500DEF4}.Debug|Any CPU.ActiveCfg = Debug|Any CPU
		{9D0C3660-E5AA-49B4-B675-87227500DEF4}.Debug|Any CPU.Build.0 = Debug|Any CPU
		{9D0C3660-E5AA-49B4-B675-87227500DEF4}.Debug|x64.ActiveCfg = Debug|Any CPU
		{9D0C3660-E5AA-49B4-B675-87227500DEF4}.Debug|x64.Build.0 = Debug|Any CPU
		{9D0C3660-E5AA-49B4-B675-87227500DEF4}.Debug|x86.ActiveCfg = Debug|Any CPU
		{9D0C3660-E5AA-49B4-B675-87227500DEF4}.Debug|x86.Build.0 = Debug|Any CPU
		{9D0C3660-E5AA-49B4-B675-87227500DEF4}.Release|Any CPU.ActiveCfg = Release|Any CPU
		{9D0C3660-E5AA-49B4-B675-87227500DEF4}.Release|Any CPU.Build.0 = Release|Any CPU
		{9D0C3660-E5AA-49B4-B675-87227500DEF4}.Release|x64.ActiveCfg = Release|Any CPU
		{9D0C3660-E5AA-49B4-B675-87227500DEF4}.Release|x64.Build.0 = Release|Any CPU
		{9D0C3660-E5AA-49B4-B675-87227500DEF4}.Release|x86.ActiveCfg = Release|Any CPU
		{9D0C3660-E5AA-49B4-B675-87227500DEF4}.Release|x86.Build.0 = Release|Any CPU
		{21631A26-09CC-42C9-AB4B-D49FA8DE1A7F}.Debug|Any CPU.ActiveCfg = Debug|Any CPU
		{21631A26-09CC-42C9-AB4B-D49FA8DE1A7F}.Debug|Any CPU.Build.0 = Debug|Any CPU
		{21631A26-09CC-42C9-AB4B-D49FA8DE1A7F}.Debug|x64.ActiveCfg = Debug|Any CPU
		{21631A26-09CC-42C9-AB4B-D49FA8DE1A7F}.Debug|x64.Build.0 = Debug|Any CPU
		{21631A26-09CC-42C9-AB4B-D49FA8DE1A7F}.Debug|x86.ActiveCfg = Debug|Any CPU
		{21631A26-09CC-42C9-AB4B-D49FA8DE1A7F}.Debug|x86.Build.0 = Debug|Any CPU
		{21631A26-09CC-42C9-AB4B-D49FA8DE1A7F}.Release|Any CPU.ActiveCfg = Release|Any CPU
		{21631A26-09CC-42C9-AB4B-D49FA8DE1A7F}.Release|Any CPU.Build.0 = Release|Any CPU
		{21631A26-09CC-42C9-AB4B-D49FA8DE1A7F}.Release|x64.ActiveCfg = Release|Any CPU
		{21631A26-09CC-42C9-AB4B-D49FA8DE1A7F}.Release|x64.Build.0 = Release|Any CPU
		{21631A26-09CC-42C9-AB4B-D49FA8DE1A7F}.Release|x86.ActiveCfg = Release|Any CPU
		{21631A26-09CC-42C9-AB4B-D49FA8DE1A7F}.Release|x86.Build.0 = Release|Any CPU
		{8F0AEEFC-9B62-41D6-8683-CACC322E0795}.Debug|Any CPU.ActiveCfg = Debug|Any CPU
		{8F0AEEFC-9B62-41D6-8683-CACC322E0795}.Debug|Any CPU.Build.0 = Debug|Any CPU
		{8F0AEEFC-9B62-41D6-8683-CACC322E0795}.Debug|x64.ActiveCfg = Debug|Any CPU
		{8F0AEEFC-9B62-41D6-8683-CACC322E0795}.Debug|x64.Build.0 = Debug|Any CPU
		{8F0AEEFC-9B62-41D6-8683-CACC322E0795}.Debug|x86.ActiveCfg = Debug|Any CPU
		{8F0AEEFC-9B62-41D6-8683-CACC322E0795}.Debug|x86.Build.0 = Debug|Any CPU
		{8F0AEEFC-9B62-41D6-8683-CACC322E0795}.Release|Any CPU.ActiveCfg = Release|Any CPU
		{8F0AEEFC-9B62-41D6-8683-CACC322E0795}.Release|Any CPU.Build.0 = Release|Any CPU
		{8F0AEEFC-9B62-41D6-8683-CACC322E0795}.Release|x64.ActiveCfg = Release|Any CPU
		{8F0AEEFC-9B62-41D6-8683-CACC322E0795}.Release|x64.Build.0 = Release|Any CPU
		{8F0AEEFC-9B62-41D6-8683-CACC322E0795}.Release|x86.ActiveCfg = Release|Any CPU
		{8F0AEEFC-9B62-41D6-8683-CACC322E0795}.Release|x86.Build.0 = Release|Any CPU
		{7D6E0987-281C-4C65-88F8-C271795A7047}.Debug|Any CPU.ActiveCfg = Debug|Any CPU
		{7D6E0987-281C-4C65-88F8-C271795A7047}.Debug|Any CPU.Build.0 = Debug|Any CPU
		{7D6E0987-281C-4C65-88F8-C271795A7047}.Debug|x64.ActiveCfg = Debug|Any CPU
		{7D6E0987-281C-4C65-88F8-C271795A7047}.Debug|x64.Build.0 = Debug|Any CPU
		{7D6E0987-281C-4C65-88F8-C271795A7047}.Debug|x86.ActiveCfg = Debug|Any CPU
		{7D6E0987-281C-4C65-88F8-C271795A7047}.Debug|x86.Build.0 = Debug|Any CPU
		{7D6E0987-281C-4C65-88F8-C271795A7047}.Release|Any CPU.ActiveCfg = Release|Any CPU
		{7D6E0987-281C-4C65-88F8-C271795A7047}.Release|Any CPU.Build.0 = Release|Any CPU
		{7D6E0987-281C-4C65-88F8-C271795A7047}.Release|x64.ActiveCfg = Release|Any CPU
		{7D6E0987-281C-4C65-88F8-C271795A7047}.Release|x64.Build.0 = Release|Any CPU
		{7D6E0987-281C-4C65-88F8-C271795A7047}.Release|x86.ActiveCfg = Release|Any CPU
		{7D6E0987-281C-4C65-88F8-C271795A7047}.Release|x86.Build.0 = Release|Any CPU
	EndGlobalSection
	GlobalSection(SolutionProperties) = preSolution
		HideSolutionNode = FALSE
	EndGlobalSection
EndGlobal
